
Microsoft Visual Studio Solution File, Format Version 12.00
# Visual Studio Version 16
VisualStudioVersion = 16.0.32602.291
MinimumVisualStudioVersion = 10.0.40219.1
Project("{FAE04EC0-301F-11D3-BF4B-00C04F79EFBC}") = "Zyre", "Zyre\Zyre.csproj", "{B877D2D6-C6A7-48E4-99CA-48FEF4094F2F}"
EndProject
Project("{FAE04EC0-301F-11D3-BF4B-00C04F79EFBC}") = "HelloZyre", "HelloZyre\HelloZyre.csproj", "{3C982220-D2F5-469B-8B66-3B4E1E5E15C4}"
EndProject
Global
	GlobalSection(SolutionConfigurationPlatforms) = preSolution
		Debug|Any CPU = Debug|Any CPU
		Release|Any CPU = Release|Any CPU
	EndGlobalSection
	GlobalSection(ProjectConfigurationPlatforms) = postSolution
		{B877D2D6-C6A7-48E4-99CA-48FEF4094F2F}.Debug|Any CPU.ActiveCfg = Debug|Any CPU
		{B877D2D6-C6A7-48E4-99CA-48FEF4094F2F}.Debug|Any CPU.Build.0 = Debug|Any CPU
		{B877D2D6-C6A7-48E4-99CA-48FEF4094F2F}.Release|Any CPU.ActiveCfg = Release|Any CPU
		{B877D2D6-C6A7-48E4-99CA-48FEF4094F2F}.Release|Any CPU.Build.0 = Release|Any CPU
		{3C982220-D2F5-469B-8B66-3B4E1E5E15C4}.Debug|Any CPU.ActiveCfg = Debug|Any CPU
		{3C982220-D2F5-469B-8B66-3B4E1E5E15C4}.Debug|Any CPU.Build.0 = Debug|Any CPU
		{3C982220-D2F5-469B-8B66-3B4E1E5E15C4}.Release|Any CPU.ActiveCfg = Release|Any CPU
		{3C982220-D2F5-469B-8B66-3B4E1E5E15C4}.Release|Any CPU.Build.0 = Release|Any CPU
	EndGlobalSection
	GlobalSection(SolutionProperties) = preSolution
		HideSolutionNode = FALSE
	EndGlobalSection
	GlobalSection(ExtensibilityGlobals) = postSolution
		SolutionGuid = {7CCD19AF-99A4-402F-9667-40ECD20D5C9F}
	EndGlobalSection
EndGlobal
